[[package]]
category = "main"
description = "A high-level Python Web framework that encourages rapid development and clean, pragmatic design."
name = "django"
optional = false
python-versions = "*"
version = "1.11.23"

[package.dependencies]
pytz = "*"

[[package]]
category = "main"
description = "psycopg2 - Python-PostgreSQL Database Adapter"
name = "psycopg2"
optional = false
python-versions = "*"
version = "2.7.3.1"

[[package]]
category = "main"
description = "World timezone definitions, modern and historical"
name = "pytz"
optional = false
python-versions = "*"
version = "2017.2"

[metadata]
content-hash = "9400137dcc02c14f040a9482dd5a8bb83c8dbd143109bc853ca76d08535b174b"
python-versions = "*"

[metadata.hashes]
django = ["52a66d7f8b036d02da0a4472359e8be1727424fc1e4b4f5c684ef97de7b569e1", "c85b8c95366e187ca0581d45a6e508107ca4bd38cb45c24aa09d3572074c523d"]
psycopg2 = ["04a5b2805c620ddecdff33e015631cc8d7ea8dd01e1fcc930bfe002fdc26b9e0", "0bd0b1cf81eb6d74a77199570d5ce097fb3c6b8e57acc1edd328cef5c552f98a", "16482d050db68503abbb693795d75e9fca287a00f662376759825404533ca87c", "279dbf220c94c9f73aefac719ea3b9550ca791389bc9184c15e835516bc8428d", "35d1fec112337c2607c8ca17dee3c2f8455e07dd69d140ff8e86ef1240dace3d", "39369e40bc3e062da5da93ce5f1e7f9bed95e9a60cb6f003d316f2a834722e2d", "3ab693b907b2c7a34c1dca198cfc454516cfd75440fd913bb372da6f70d6db55", "3c99c88216e0fc62113a1177aae9db18a533274370e99a4537b433b87b319360", "3fbba0dd7f3ac458f355dcfc4d7d9cd082c19748e453bcd81bf9d8bc14260c01", "471e3140e1cb241ecb53602cdc98fe305b82c854cfa53c3e343d642683dc96c7", "4cca242df228364b4de6241c54553301856bc253d7f21e15009b11c812eb7b5c", "4d7c872d9c85745964cf8efabba3fb1a6010b345c18d0e2b620509f0444aa729", "4db0de7d6236acbf7d020926489b6c4b98e845ba98df11057f22d54866e26b20", "4fbe2c29f6d4c8d9eac5fc3c42c42036e7cc58e225036130b7713afa72489aac", "604c49bf196c654c417ade1dc765bd23fe9bc3392d9a8c7184a7077142d621b3", "6194e81d8839b636118f5275c53be3c70eb3c3abcf836de675c34b20c06025ea", "891a70235c202158780fc0ab98d7ca2a7ed1625c26725b15119d47b2d852a5c6", "8d2003d23d8fc59f0f0a2e73c13baa41581006b8227a9d82bbdc1aa233285ba4", "99a298b9030f8fd36f885c5d0661e4d5a059136a541bb6c4d7d1100e38da3cd1", "9a0a74a6f20d82c389095c88d4d281e66eb3ffbc09adf543dcec4bec22436569", "9b7b16e26448b43cf167f785d8b5345007731ebf153a510e12dae826800caa65", "a4d7134058e8869d785c0be386cd702fe2a4be14b678d7571a51045e1bbad862", "b7646f7bdb42ba3cf7ef9f500f6514b5e413d25c5b3093d70e6ba52df417a83c", "c939b238cbc18e786909d20277c9f051241696ebb03ca9e3490094f526ce69a7", "df70e0a387b0145a7a80de67d43d84e1c5a24a33bbfaedb96271876d573e5fb6", "e26aca5eb272869fdf8e55111f36026517c1c0799eb7ef1ddf67d4412affe1ef", "e80a1ae04218e854a5d71085f9498c8c979033ca855cedeed3afc5d976c348ce", "ebee4f59803eda1ed4035649469a713818dbf5b6de2e12396edd9fa228727c20", "f07791ee5793621bfaaa844f731529cd72321280f94e8dc3bd4ef524d20f58f2", "f74e50341f45fb9bcd3598c11b5774c3e4349ee38cf15c342cc7075c73ef1f95", "face605eea5826fa36600c04447b61674992bbd5eb177f66f86f61a04436dbd9"]
pytz = ["03c9962afe00e503e2d96abab4e8998a0f84d4230fa57afe1e0528473698cdd9", "39504670abb5dae77f56f8eb63823937ce727d7cdd0088e6909e6dcac0f89043", "43f52d4c6a0be301d53ebd867de05e2926c35728b3260157d274635a0a947f1c", "487e7d50710661116325747a9cd1744d3323f8e49748e287bc9e659060ec6bf9", "54a935085f7bf101f86b2aff75bd9672b435f51c3339db2ff616e66845f2b8f9", "c883c2d6670042c7bc1688645cac73dd2b03193d1f7a6847b6154e96890be06d", "d1d6729c85acea5423671382868627129432fba9a89ecbb248d8d1c7a9f01c67", "ddc93b6d41cfb81266a27d23a79e13805d4a5521032b512643af8729041a81b4", "f5c056e8f62d45ba8215e5cb8f50dfccb198b4b9fbea8500674f3443e4689589"]
